
Microsoft Visual Studio Solution File, Format Version 12.00
# Visual Studio Version 17
VisualStudioVersion = 17.3.32929.385
MinimumVisualStudioVersion = 10.0.40219.1
Project("{FAE04EC0-301F-11D3-BF4B-00C04F79EFBC}") = "Example", "Example\Example.csproj", "{3589CA8B-D246-4F74-9D41-1BC476A855AF}"
EndProject
Global
	GlobalSection(SolutionConfigurationPlatforms) = preSolution
		Debug|Any CPU = Debug|Any CPU
		Release|Any CPU = Release|Any CPU
	EndGlobalSection
	GlobalSection(ProjectConfigurationPlatforms) = postSolution
		{3589CA8B-D246-4F74-9D41-1BC476A855AF}.Debug|Any CPU.ActiveCfg = Debug|Any CPU
		{3589CA8B-D246-4F74-9D41-1BC476A855AF}.Debug|Any CPU.Build.0 = Debug|Any CPU
		{3589CA8B-D246-4F74-9D41-1BC476A855AF}.Release|Any CPU.ActiveCfg = Release|Any CPU
		{3589CA8B-D246-4F74-9D41-1BC476A855AF}.Release|Any CPU.Build.0 = Release|Any CPU
	EndGlobalSection
	GlobalSection(SolutionProperties) = preSolution
		HideSolutionNode = FALSE
	EndGlobalSection
	GlobalSection(ExtensibilityGlobals) = postSolution
		SolutionGuid = {A209989D-D269-4209-9DCB-6E86E3B7EC30}
	EndGlobalSection
EndGlobal
